
Microsoft Visual Studio Solution File, Format Version 12.00
# Visual Studio 15
VisualStudioVersion = 15.0.28307.779
MinimumVisualStudioVersion = 10.0.40219.1
Project("{FAE04EC0-301F-11D3-BF4B-00C04F79EFBC}") = "OneEduDataAccess", "OneEduDataAccess\OneEduDataAccess.csproj", "{362CA777-179D-4B4E-8AF9-3FA82A28171C}"
EndProject
Project("{FAE04EC0-301F-11D3-BF4B-00C04F79EFBC}") = "EduSendSMS_VNPT", "EduSendSMS\EduSendSMS_VNPT.csproj", "{2146C1C5-C519-41D3-98FB-CBB05E5BE323}"
EndProject
Project("{FAE04EC0-301F-11D3-BF4B-00C04F79EFBC}") = "SMPPSendToOne", "SMPPSendToOne\SMPPSendToOne.csproj", "{A4085975-C02B-48EF-BFE3-92A8FACF030E}"
EndProject
Project("{FAE04EC0-301F-11D3-BF4B-00C04F79EFBC}") = "EduSendSMS_VIETTEL_HN", "EduSendSMS_VIETTEL_HN\EduSendSMS_VIETTEL_HN.csproj", "{BA1A8041-9EC7-43B8-969C-6D1E7C57D6BB}"
EndProject
Project("{FAE04EC0-301F-11D3-BF4B-00C04F79EFBC}") = "MonitorServiceSMPP", "MonitorServiceSMPP\MonitorServiceSMPP.csproj", "{1E151782-C5C8-4925-A656-45922D7B6284}"
EndProject
Project("{FAE04EC0-301F-11D3-BF4B-00C04F79EFBC}") = "EduSendSMS_VIETTEL_HN_API", "EduSendSMS_VIETTEL_HN_API\EduSendSMS_VIETTEL_HN_API.csproj", "{8005CAB8-3E68-47D7-B12C-5C967C2673F7}"
EndProject
Project("{FAE04EC0-301F-11D3-BF4B-00C04F79EFBC}") = "EduSendSMS_INCOM", "EduSendSMS_INCOM\EduSendSMS_INCOM.csproj", "{EAAAAEE8-16F0-4CC9-9327-BB33BC8917F2}"
EndProject
Project("{FAE04EC0-301F-11D3-BF4B-00C04F79EFBC}") = "EduSendSMS_MOBI_BANK", "EduSendSMS_MOBI_BANK\EduSendSMS_MOBI_BANK.csproj", "{A5D61467-72EA-4F93-8101-2E5A33E54336}"
EndProject
Project("{FAE04EC0-301F-11D3-BF4B-00C04F79EFBC}") = "EduSendSMS_NEO", "EduSendSMS_NEO\EduSendSMS_NEO.csproj", "{A2B2B86F-5B8A-475E-9135-ADAA3DEADBA6}"
EndProject
Project("{FAE04EC0-301F-11D3-BF4B-00C04F79EFBC}") = "EduSendSMS_SOUTH", "EduSendSMS_SOUTH\EduSendSMS_SOUTH.csproj", "{E99F1993-2F61-4529-BD88-4D0B6E418AB9}"
EndProject
Project("{FAE04EC0-301F-11D3-BF4B-00C04F79EFBC}") = "EduSendSMS_VIVAS", "EduSendSMS_VIVAS\EduSendSMS_VIVAS.csproj", "{2204A3D2-E6DF-46F5-BB79-2287127B54F2}"
EndProject
Project("{FAE04EC0-301F-11D3-BF4B-00C04F79EFBC}") = "EduSendSMS_VMG", "EduSendSMS_VMG\EduSendSMS_VMG.csproj", "{F60DBCF7-C70D-482A-BD13-69B56D5A5EB7}"
EndProject
Project("{FAE04EC0-301F-11D3-BF4B-00C04F79EFBC}") = "ChuyenMangGiuSo", "ChuyenMangGiuSo\ChuyenMangGiuSo.csproj", "{540B6C8F-D832-4F17-8223-E284FB53AB13}"
EndProject
Project("{FAE04EC0-301F-11D3-BF4B-00C04F79EFBC}") = "EduSendSMS_VIETGUYS", "EduSendSMS_VIETGUYS\EduSendSMS_VIETGUYS.csproj", "{6B58175D-0AC2-48A8-83F8-58FBEA8E8B43}"
EndProject
Project("{FAE04EC0-301F-11D3-BF4B-00C04F79EFBC}") = "CMS", "CMS\CMS.csproj", "{E7973951-E503-4510-8AA5-0F6D9B0DFF9A}"
EndProject
Project("{FAE04EC0-301F-11D3-BF4B-00C04F79EFBC}") = "EduSendSms_VMG_API", "EduSendSms_VMG_API\EduSendSms_VMG_API.csproj", "{9BA82CE4-D59C-467F-9F1E-2C6FDEDF8332}"
EndProject
Project("{FAE04EC0-301F-11D3-BF4B-00C04F79EFBC}") = "EduSendSms_MobiBank_API", "EduSendSms_MobiBank_API\EduSendSms_MobiBank_API.csproj", "{482BDD47-FAF4-46F3-9F0F-4B792326CA16}"
EndProject
Project("{FAE04EC0-301F-11D3-BF4B-00C04F79EFBC}") = "EduSendSms_VMG_API_TraSau", "EduSendSms_VMG_API_TraSau\EduSendSms_VMG_API_TraSau.csproj", "{812734D3-3E6A-401C-A026-D1762FF39B3A}"
EndProject
Global
	GlobalSection(SolutionConfigurationPlatforms) = preSolution
		Debug|Any CPU = Debug|Any CPU
		Release|Any CPU = Release|Any CPU
	EndGlobalSection
	GlobalSection(ProjectConfigurationPlatforms) = postSolution
		{362CA777-179D-4B4E-8AF9-3FA82A28171C}.Debug|Any CPU.ActiveCfg = Debug|Any CPU
		{362CA777-179D-4B4E-8AF9-3FA82A28171C}.Debug|Any CPU.Build.0 = Debug|Any CPU
		{362CA777-179D-4B4E-8AF9-3FA82A28171C}.Release|Any CPU.ActiveCfg = Release|Any CPU
		{362CA777-179D-4B4E-8AF9-3FA82A28171C}.Release|Any CPU.Build.0 = Release|Any CPU
		{2146C1C5-C519-41D3-98FB-CBB05E5BE323}.Debug|Any CPU.ActiveCfg = Debug|Any CPU
		{2146C1C5-C519-41D3-98FB-CBB05E5BE323}.Debug|Any CPU.Build.0 = Debug|Any CPU
		{2146C1C5-C519-41D3-98FB-CBB05E5BE323}.Release|Any CPU.ActiveCfg = Release|Any CPU
		{2146C1C5-C519-41D3-98FB-CBB05E5BE323}.Release|Any CPU.Build.0 = Release|Any CPU
		{A4085975-C02B-48EF-BFE3-92A8FACF030E}.Debug|Any CPU.ActiveCfg = Debug|Any CPU
		{A4085975-C02B-48EF-BFE3-92A8FACF030E}.Debug|Any CPU.Build.0 = Debug|Any CPU
		{A4085975-C02B-48EF-BFE3-92A8FACF030E}.Release|Any CPU.ActiveCfg = Release|Any CPU
		{A4085975-C02B-48EF-BFE3-92A8FACF030E}.Release|Any CPU.Build.0 = Release|Any CPU
		{BA1A8041-9EC7-43B8-969C-6D1E7C57D6BB}.Debug|Any CPU.ActiveCfg = Debug|Any CPU
		{BA1A8041-9EC7-43B8-969C-6D1E7C57D6BB}.Debug|Any CPU.Build.0 = Debug|Any CPU
		{BA1A8041-9EC7-43B8-969C-6D1E7C57D6BB}.Release|Any CPU.ActiveCfg = Release|Any CPU
		{BA1A8041-9EC7-43B8-969C-6D1E7C57D6BB}.Release|Any CPU.Build.0 = Release|Any CPU
		{1E151782-C5C8-4925-A656-45922D7B6284}.Debug|Any CPU.ActiveCfg = Debug|Any CPU
		{1E151782-C5C8-4925-A656-45922D7B6284}.Debug|Any CPU.Build.0 = Debug|Any CPU
		{1E151782-C5C8-4925-A656-45922D7B6284}.Release|Any CPU.ActiveCfg = Release|Any CPU
		{1E151782-C5C8-4925-A656-45922D7B6284}.Release|Any CPU.Build.0 = Release|Any CPU
		{8005CAB8-3E68-47D7-B12C-5C967C2673F7}.Debug|Any CPU.ActiveCfg = Debug|Any CPU
		{8005CAB8-3E68-47D7-B12C-5C967C2673F7}.Debug|Any CPU.Build.0 = Debug|Any CPU
		{8005CAB8-3E68-47D7-B12C-5C967C2673F7}.Release|Any CPU.ActiveCfg = Release|Any CPU
		{8005CAB8-3E68-47D7-B12C-5C967C2673F7}.Release|Any CPU.Build.0 = Release|Any CPU
		{EAAAAEE8-16F0-4CC9-9327-BB33BC8917F2}.Debug|Any CPU.ActiveCfg = Debug|Any CPU
		{EAAAAEE8-16F0-4CC9-9327-BB33BC8917F2}.Debug|Any CPU.Build.0 = Debug|Any CPU
		{EAAAAEE8-16F0-4CC9-9327-BB33BC8917F2}.Release|Any CPU.ActiveCfg = Release|Any CPU
		{EAAAAEE8-16F0-4CC9-9327-BB33BC8917F2}.Release|Any CPU.Build.0 = Release|Any CPU
		{A5D61467-72EA-4F93-8101-2E5A33E54336}.Debug|Any CPU.ActiveCfg = Debug|Any CPU
		{A5D61467-72EA-4F93-8101-2E5A33E54336}.Debug|Any CPU.Build.0 = Debug|Any CPU
		{A5D61467-72EA-4F93-8101-2E5A33E54336}.Release|Any CPU.ActiveCfg = Release|Any CPU
		{A5D61467-72EA-4F93-8101-2E5A33E54336}.Release|Any CPU.Build.0 = Release|Any CPU
		{A2B2B86F-5B8A-475E-9135-ADAA3DEADBA6}.Debug|Any CPU.ActiveCfg = Debug|Any CPU
		{A2B2B86F-5B8A-475E-9135-ADAA3DEADBA6}.Debug|Any CPU.Build.0 = Debug|Any CPU
		{A2B2B86F-5B8A-475E-9135-ADAA3DEADBA6}.Release|Any CPU.ActiveCfg = Release|Any CPU
		{A2B2B86F-5B8A-475E-9135-ADAA3DEADBA6}.Release|Any CPU.Build.0 = Release|Any CPU
		{E99F1993-2F61-4529-BD88-4D0B6E418AB9}.Debug|Any CPU.ActiveCfg = Debug|Any CPU
		{E99F1993-2F61-4529-BD88-4D0B6E418AB9}.Debug|Any CPU.Build.0 = Debug|Any CPU
		{E99F1993-2F61-4529-BD88-4D0B6E418AB9}.Release|Any CPU.ActiveCfg = Release|Any CPU
		{E99F1993-2F61-4529-BD88-4D0B6E418AB9}.Release|Any CPU.Build.0 = Release|Any CPU
		{2204A3D2-E6DF-46F5-BB79-2287127B54F2}.Debug|Any CPU.ActiveCfg = Debug|Any CPU
		{2204A3D2-E6DF-46F5-BB79-2287127B54F2}.Debug|Any CPU.Build.0 = Debug|Any CPU
		{2204A3D2-E6DF-46F5-BB79-2287127B54F2}.Release|Any CPU.ActiveCfg = Release|Any CPU
		{2204A3D2-E6DF-46F5-BB79-2287127B54F2}.Release|Any CPU.Build.0 = Release|Any CPU
		{F60DBCF7-C70D-482A-BD13-69B56D5A5EB7}.Debug|Any CPU.ActiveCfg = Debug|Any CPU
		{F60DBCF7-C70D-482A-BD13-69B56D5A5EB7}.Debug|Any CPU.Build.0 = Debug|Any CPU
		{F60DBCF7-C70D-482A-BD13-69B56D5A5EB7}.Release|Any CPU.ActiveCfg = Release|Any CPU
		{F60DBCF7-C70D-482A-BD13-69B56D5A5EB7}.Release|Any CPU.Build.0 = Release|Any CPU
		{540B6C8F-D832-4F17-8223-E284FB53AB13}.Debug|Any CPU.ActiveCfg = Debug|Any CPU
		{540B6C8F-D832-4F17-8223-E284FB53AB13}.Debug|Any CPU.Build.0 = Debug|Any CPU
		{540B6C8F-D832-4F17-8223-E284FB53AB13}.Release|Any CPU.ActiveCfg = Release|Any CPU
		{540B6C8F-D832-4F17-8223-E284FB53AB13}.Release|Any CPU.Build.0 = Release|Any CPU
		{6B58175D-0AC2-48A8-83F8-58FBEA8E8B43}.Debug|Any CPU.ActiveCfg = Debug|Any CPU
		{6B58175D-0AC2-48A8-83F8-58FBEA8E8B43}.Debug|Any CPU.Build.0 = Debug|Any CPU
		{6B58175D-0AC2-48A8-83F8-58FBEA8E8B43}.Release|Any CPU.ActiveCfg = Release|Any CPU
		{6B58175D-0AC2-48A8-83F8-58FBEA8E8B43}.Release|Any CPU.Build.0 = Release|Any CPU
		{E7973951-E503-4510-8AA5-0F6D9B0DFF9A}.Debug|Any CPU.ActiveCfg = Debug|Any CPU
		{E7973951-E503-4510-8AA5-0F6D9B0DFF9A}.Debug|Any CPU.Build.0 = Debug|Any CPU
		{E7973951-E503-4510-8AA5-0F6D9B0DFF9A}.Release|Any CPU.ActiveCfg = Release|Any CPU
		{E7973951-E503-4510-8AA5-0F6D9B0DFF9A}.Release|Any CPU.Build.0 = Release|Any CPU
		{9BA82CE4-D59C-467F-9F1E-2C6FDEDF8332}.Debug|Any CPU.ActiveCfg = Debug|Any CPU
		{9BA82CE4-D59C-467F-9F1E-2C6FDEDF8332}.Debug|Any CPU.Build.0 = Debug|Any CPU
		{9BA82CE4-D59C-467F-9F1E-2C6FDEDF8332}.Release|Any CPU.ActiveCfg = Release|Any CPU
		{9BA82CE4-D59C-467F-9F1E-2C6FDEDF8332}.Release|Any CPU.Build.0 = Release|Any CPU
		{482BDD47-FAF4-46F3-9F0F-4B792326CA16}.Debug|Any CPU.ActiveCfg = Debug|Any CPU
		{482BDD47-FAF4-46F3-9F0F-4B792326CA16}.Debug|Any CPU.Build.0 = Debug|Any CPU
		{482BDD47-FAF4-46F3-9F0F-4B792326CA16}.Release|Any CPU.ActiveCfg = Release|Any CPU
		{482BDD47-FAF4-46F3-9F0F-4B792326CA16}.Release|Any CPU.Build.0 = Release|Any CPU
		{812734D3-3E6A-401C-A026-D1762FF39B3A}.Debug|Any CPU.ActiveCfg = Debug|Any CPU
		{812734D3-3E6A-401C-A026-D1762FF39B3A}.Debug|Any CPU.Build.0 = Debug|Any CPU
		{812734D3-3E6A-401C-A026-D1762FF39B3A}.Release|Any CPU.ActiveCfg = Release|Any CPU
		{812734D3-3E6A-401C-A026-D1762FF39B3A}.Release|Any CPU.Build.0 = Release|Any CPU
	EndGlobalSection
	GlobalSection(SolutionProperties) = preSolution
		HideSolutionNode = FALSE
	EndGlobalSection
	GlobalSection(ExtensibilityGlobals) = postSolution
		SolutionGuid = {09052F73-9D7D-41EA-BFC8-A97C3F7FDB14}
	EndGlobalSection
	GlobalSection(SubversionScc) = preSolution
		Svn-Managed = True
		Manager = AnkhSVN - Subversion Support for Visual Studio
	EndGlobalSection
EndGlobal
